# This file was autogenerated by Stack.
# You should not edit this file by hand.
# For more information, please see the documentation at:
#   https://docs.haskellstack.org/en/stable/lock_files

snapshots:
- original: lts-18.0
  completed:
    sha256: c632012da648385b9fa3c29f4e0afd56ead299f1c5528ee789058be410e883c0
    url: https://raw.githubusercontent.com/commercialhaskell/stackage-snapshots/master/lts/18/0.yaml
    size: 585393
packages:
- original:
    hackage: brick-0.46@sha256:78629a4da6b759c78ec264bedc9e794edeb55a302d17015d0278620eef4ebe29,13852
  completed:
    pantry-tree:
      sha256: 1a8c529c82fd79070f4c48bdd34496a864c88130e8c07a766fa1111823f6866d
      size: 3752
    hackage: brick-0.46@sha256:78629a4da6b759c78ec264bedc9e794edeb55a302d17015d0278620eef4ebe29,13852
- original:
    hackage: tart-0.3@sha256:0dc64a9ffc16f6ead6cc1bd4b6f1323e58c7cca9d605180ac149c665a79a67e3,3241
  completed:
    pantry-tree:
      sha256: 78d2ce69dfcdbbd579dd64ec56ccf2075711f572fb103922c7e6e8e0f198a792
      size: 2799
    hackage: tart-0.3@sha256:0dc64a9ffc16f6ead6cc1bd4b6f1323e58c7cca9d605180ac149c665a79a67e3,3241
